
Microsoft Visual Studio Solution File, Format Version 12.00
# Visual Studio Version 17
VisualStudioVersion = 17.10.34928.147
MinimumVisualStudioVersion = 10.0.40219.1
Project("{FAE04EC0-301F-11D3-BF4B-00C04F79EFBC}") = "Mutation", "Mutation\Mutation.csproj", "{48D3E787-F94E-4D52-A68C-E4CFD45ED870}"
EndProject
Global
	GlobalSection(SolutionConfigurationPlatforms) = preSolution
		Debug|Any CPU = Debug|Any CPU
		Release|Any CPU = Release|Any CPU
	EndGlobalSection
	GlobalSection(ProjectConfigurationPlatforms) = postSolution
		{48D3E787-F94E-4D52-A68C-E4CFD45ED870}.Debug|Any CPU.ActiveCfg = Debug|Any CPU
		{48D3E787-F94E-4D52-A68C-E4CFD45ED870}.Debug|Any CPU.Build.0 = Debug|Any CPU
		{48D3E787-F94E-4D52-A68C-E4CFD45ED870}.Debug|Any CPU.Deploy.0 = Debug|Any CPU
		{48D3E787-F94E-4D52-A68C-E4CFD45ED870}.Release|Any CPU.ActiveCfg = Release|Any CPU
		{48D3E787-F94E-4D52-A68C-E4CFD45ED870}.Release|Any CPU.Build.0 = Release|Any CPU
		{48D3E787-F94E-4D52-A68C-E4CFD45ED870}.Release|Any CPU.Deploy.0 = Release|Any CPU
	EndGlobalSection
	GlobalSection(SolutionProperties) = preSolution
		HideSolutionNode = FALSE
	EndGlobalSection
	GlobalSection(ExtensibilityGlobals) = postSolution
		SolutionGuid = {5FBCB905-5EB9-4E88-85C8-248279409355}
	EndGlobalSection
EndGlobal
